
Microsoft Visual Studio Solution File, Format Version 12.00
# Visual Studio Version 16
VisualStudioVersion = 16.0.30804.86
MinimumVisualStudioVersion = 10.0.40219.1
Project("{FAE04EC0-301F-11D3-BF4B-00C04F79EFBC}") = "Simulated-Internet Example", "Simulated-Internet Example\Simulated-Internet Example.csproj", "{ACF3FB69-B117-4FD5-931F-6B75293C4865}"
EndProject
Global
	GlobalSection(SolutionConfigurationPlatforms) = preSolution
		Debug|Any CPU = Debug|Any CPU
		Release|Any CPU = Release|Any CPU
	EndGlobalSection
	GlobalSection(ProjectConfigurationPlatforms) = postSolution
		{ACF3FB69-B117-4FD5-931F-6B75293C4865}.Debug|Any CPU.ActiveCfg = Debug|Any CPU
		{ACF3FB69-B117-4FD5-931F-6B75293C4865}.Debug|Any CPU.Build.0 = Debug|Any CPU
		{ACF3FB69-B117-4FD5-931F-6B75293C4865}.Release|Any CPU.ActiveCfg = Release|Any CPU
		{ACF3FB69-B117-4FD5-931F-6B75293C4865}.Release|Any CPU.Build.0 = Release|Any CPU
	EndGlobalSection
	GlobalSection(SolutionProperties) = preSolution
		HideSolutionNode = FALSE
	EndGlobalSection
	GlobalSection(ExtensibilityGlobals) = postSolution
		SolutionGuid = {741EB6F1-8794-46ED-8036-A37256013379}
	EndGlobalSection
EndGlobal
